
Microsoft Visual Studio Solution File, Format Version 12.00
# Visual Studio 14
VisualStudioVersion = 14.0.23107.0
MinimumVisualStudioVersion = 10.0.40219.1
Project("{FAE04EC0-301F-11D3-BF4B-00C04F79EFBC}") = "ITRW225_Information_System", "ITRW225_Information_System\ITRW225_Information_System.csproj", "{0383CB0E-5EDA-4E88-AEFF-74C11578834F}"
EndProject
Global
	GlobalSection(SolutionConfigurationPlatforms) = preSolution
		Debug|Any CPU = Debug|Any CPU
		Release|Any CPU = Release|Any CPU
	EndGlobalSection
	GlobalSection(ProjectConfigurationPlatforms) = postSolution
		{0383CB0E-5EDA-4E88-AEFF-74C11578834F}.Debug|Any CPU.ActiveCfg = Debug|Any CPU
		{0383CB0E-5EDA-4E88-AEFF-74C11578834F}.Debug|Any CPU.Build.0 = Debug|Any CPU
		{0383CB0E-5EDA-4E88-AEFF-74C11578834F}.Release|Any CPU.ActiveCfg = Release|Any CPU
		{0383CB0E-5EDA-4E88-AEFF-74C11578834F}.Release|Any CPU.Build.0 = Release|Any CPU
	EndGlobalSection
	GlobalSection(SolutionProperties) = preSolution
		HideSolutionNode = FALSE
	EndGlobalSection
EndGlobal
